// !$*UTF8*$!
{
	archiveVersion = 1;
	classes = {
	};
	objectVersion = 50;
	objects = {

/* Begin PBXBuildFile section */
		913CB85425E8E831001FCE7D /* War.swift in Sources */ = {isa = PBXBuildFile; fileRef = 913CB85325E8E831001FCE7D /* War.swift */; };
		9199837225E0F032001FF06E /* main.swift in Sources */ = {isa = PBXBuildFile; fileRef = 9199837125E0F032001FF06E /* main.swift */; };
		9199837A25E1013C001FF06E /* Unit.swift in Sources */ = {isa = PBXBuildFile; fileRef = 9199837925E1013C001FF06E /* Unit.swift */; };
		9199837E25E124B0001FF06E /* Dog.swift in Sources */ = {isa = PBXBuildFile; fileRef = 9199837D25E124B0001FF06E /* Dog.swift */; };
		9199838225E13B41001FF06E /* Spawn.swift in Sources */ = {isa = PBXBuildFile; fileRef = 9199838125E13B41001FF06E /* Spawn.swift */; };
		9199838525E13C40001FF06E /* Robot.swift in Sources */ = {isa = PBXBuildFile; fileRef = 9199838425E13C40001FF06E /* Robot.swift */; };
		919B44C125F2627700ED0EDF /* Battle.swift in Sources */ = {isa = PBXBuildFile; fileRef = 919B44C025F2627700ED0EDF /* Battle.swift */; };
		91B27AAB25E6401300200CAC /* Human.swift in Sources */ = {isa = PBXBuildFile; fileRef = 91B27AAA25E6401300200CAC /* Human.swift */; };
		91B27AAE25E641F900200CAC /* Jedi.swift in Sources */ = {isa = PBXBuildFile; fileRef = 91B27AAD25E641F900200CAC /* Jedi.swift */; };
/* End PBXBuildFile section */

/* Begin PBXCopyFilesBuildPhase section */
		9199836C25E0F032001FF06E /* CopyFiles */ = {
			isa = PBXCopyFilesBuildPhase;
			buildActionMask = 2147483647;
			dstPath = /usr/share/man/man1/;
			dstSubfolderSpec = 0;
			files = (
			);
			runOnlyForDeploymentPostprocessing = 1;
		};
/* End PBXCopyFilesBuildPhase section */

/* Begin PBXFileReference section */
		913CB85325E8E831001FCE7D /* War.swift */ = {isa = PBXFileReference; lastKnownFileType = sourcecode.swift; path = War.swift; sourceTree = "<group>"; };
		9199836E25E0F032001FF06E /* War of Units */ = {isa = PBXFileReference; explicitFileType = "compiled.mach-o.executable"; includeInIndex = 0; path = "War of Units"; sourceTree = BUILT_PRODUCTS_DIR; };
		9199837125E0F032001FF06E /* main.swift */ = {isa = PBXFileReference; lastKnownFileType = sourcecode.swift; path = main.swift; sourceTree = "<group>"; };
		9199837925E1013C001FF06E /* Unit.swift */ = {isa = PBXFileReference; lastKnownFileType = sourcecode.swift; path = Unit.swift; sourceTree = "<group>"; };
		9199837D25E124B0001FF06E /* Dog.swift */ = {isa = PBXFileReference; lastKnownFileType = sourcecode.swift; path = Dog.swift; sourceTree = "<group>"; };
		9199838125E13B41001FF06E /* Spawn.swift */ = {isa = PBXFileReference; lastKnownFileType = sourcecode.swift; path = Spawn.swift; sourceTree = "<group>"; };
		9199838425E13C40001FF06E /* Robot.swift */ = {isa = PBXFileReference; lastKnownFileType = sourcecode.swift; path = Robot.swift; sourceTree = "<group>"; };
		919B44C025F2627700ED0EDF /* Battle.swift */ = {isa = PBXFileReference; lastKnownFileType = sourcecode.swift; path = Battle.swift; sourceTree = "<group>"; };
		91B27AAA25E6401300200CAC /* Human.swift */ = {isa = PBXFileReference; lastKnownFileType = sourcecode.swift; path = Human.swift; sourceTree = "<group>"; };
		91B27AAD25E641F900200CAC /* Jedi.swift */ = {isa = PBXFileReference; lastKnownFileType = sourcecode.swift; path = Jedi.swift; sourceTree = "<group>"; };
/* End PBXFileReference section */

/* Begin PBXFrameworksBuildPhase section */
		9199836B25E0F032001FF06E /* Frameworks */ = {
			isa = PBXFrameworksBuildPhase;
			buildActionMask = 2147483647;
			files = (
			);
			runOnlyForDeploymentPostprocessing = 0;
		};
/* End PBXFrameworksBuildPhase section */

/* Begin PBXGroup section */
		9199836525E0F032001FF06E = {
			isa = PBXGroup;
			children = (
				9199837025E0F032001FF06E /* War of Units */,
				9199836F25E0F032001FF06E /* Products */,
			);
			sourceTree = "<group>";
		};
		9199836F25E0F032001FF06E /* Products */ = {
			isa = PBXGroup;
			children = (
				9199836E25E0F032001FF06E /* War of Units */,
			);
			name = Products;
			sourceTree = "<group>";
		};
		9199837025E0F032001FF06E /* War of Units */ = {
			isa = PBXGroup;
			children = (
				9199837C25E12498001FF06E /* Units */,
				9199837125E0F032001FF06E /* main.swift */,
				9199837925E1013C001FF06E /* Unit.swift */,
				9199838125E13B41001FF06E /* Spawn.swift */,
				913CB85325E8E831001FCE7D /* War.swift */,
				919B44C025F2627700ED0EDF /* Battle.swift */,
			);
			path = "War of Units";
			sourceTree = "<group>";
		};
		9199837C25E12498001FF06E /* Units */ = {
			isa = PBXGroup;
			children = (
				9199837D25E124B0001FF06E /* Dog.swift */,
				9199838425E13C40001FF06E /* Robot.swift */,
				91B27AAA25E6401300200CAC /* Human.swift */,
				91B27AAD25E641F900200CAC /* Jedi.swift */,
			);
			path = Units;
			sourceTree = "<group>";
		};
/* End PBXGroup section */

/* Begin PBXNativeTarget section */
		9199836D25E0F032001FF06E /* War of Units */ = {
			isa = PBXNativeTarget;
			buildConfigurationList = 9199837525E0F032001FF06E /* Build configuration list for PBXNativeTarget "War of Units" */;
			buildPhases = (
				9199836A25E0F032001FF06E /* Sources */,
				9199836B25E0F032001FF06E /* Frameworks */,
				9199836C25E0F032001FF06E /* CopyFiles */,
			);
			buildRules = (
			);
			dependencies = (
			);
			name = "War of Units";
			productName = "War of Units";
			productReference = 9199836E25E0F032001FF06E /* War of Units */;
			productType = "com.apple.product-type.tool";
		};
/* End PBXNativeTarget section */

/* Begin PBXProject section */
		9199836625E0F032001FF06E /* Project object */ = {
			isa = PBXProject;
			attributes = {
				LastSwiftUpdateCheck = 1230;
				LastUpgradeCheck = 1240;
				TargetAttributes = {
					9199836D25E0F032001FF06E = {
						CreatedOnToolsVersion = 12.3;
					};
				};
			};
			buildConfigurationList = 9199836925E0F032001FF06E /* Build configuration list for PBXProject "War of Units" */;
			compatibilityVersion = "Xcode 9.3";
			developmentRegion = en;
			hasScannedForEncodings = 0;
			knownRegions = (
				en,
				Base,
			);
			mainGroup = 9199836525E0F032001FF06E;
			productRefGroup = 9199836F25E0F032001FF06E /* Products */;
			projectDirPath = "";
			projectRoot = "";
			targets = (
				9199836D25E0F032001FF06E /* War of Units */,
			);
		};
/* End PBXProject section */

/* Begin PBXSourcesBuildPhase section */
		9199836A25E0F032001FF06E /* Sources */ = {
			isa = PBXSourcesBuildPhase;
			buildActionMask = 2147483647;
			files = (
				9199838525E13C40001FF06E /* Robot.swift in Sources */,
				91B27AAE25E641F900200CAC /* Jedi.swift in Sources */,
				91B27AAB25E6401300200CAC /* Human.swift in Sources */,
				9199837225E0F032001FF06E /* main.swift in Sources */,
				9199837A25E1013C001FF06E /* Unit.swift in Sources */,
				9199837E25E124B0001FF06E /* Dog.swift in Sources */,
				913CB85425E8E831001FCE7D /* War.swift in Sources */,
				9199838225E13B41001FF06E /* Spawn.swift in Sources */,
				919B44C125F2627700ED0EDF /* Battle.swift in Sources */,
			);
			runOnlyForDeploymentPostprocessing = 0;
		};
/* End PBXSourcesBuildPhase section */

/* Begin XCBuildConfiguration section */
		9199837325E0F032001FF06E /* Debug */ = {
			isa = XCBuildConfiguration;
			buildSettings = {
				ALWAYS_SEARCH_USER_PATHS = NO;
				CLANG_ANALYZER_NONNULL = YES;
				CLANG_ANALYZER_NUMBER_OBJECT_CONVERSION = YES_AGGRESSIVE;
				CLANG_CXX_LANGUAGE_STANDARD = "gnu++14";
				CLANG_CXX_LIBRARY = "libc++";
				CLANG_ENABLE_MODULES = YES;
				CLANG_ENABLE_OBJC_ARC = YES;
				CLANG_ENABLE_OBJC_WEAK = YES;
				CLANG_WARN_BLOCK_CAPTURE_AUTORELEASING = YES;
				CLANG_WARN_BOOL_CONVERSION = YES;
				CLANG_WARN_COMMA = YES;
				CLANG_WARN_CONSTANT_CONVERSION = YES;
				CLANG_WARN_DEPRECATED_OBJC_IMPLEMENTATIONS = YES;
				CLANG_WARN_DIRECT_OBJC_ISA_USAGE = YES_ERROR;
				CLANG_WARN_DOCUMENTATION_COMMENTS = YES;
				CLANG_WARN_EMPTY_BODY = YES;
				CLANG_WARN_ENUM_CONVERSION = YES;
				CLANG_WARN_INFINITE_RECURSION = YES;
				CLANG_WARN_INT_CONVERSION = YES;
				CLANG_WARN_NON_LITERAL_NULL_CONVERSION = YES;
				CLANG_WARN_OBJC_IMPLICIT_RETAIN_SELF = YES;
				CLANG_WARN_OBJC_LITERAL_CONVERSION = YES;
				CLANG_WARN_OBJC_ROOT_CLASS = YES_ERROR;
				CLANG_WARN_QUOTED_INCLUDE_IN_FRAMEWORK_HEADER = YES;
				CLANG_WARN_RANGE_LOOP_ANALYSIS = YES;
				CLANG_WARN_STRICT_PROTOTYPES = YES;
				CLANG_WARN_SUSPICIOUS_MOVE = YES;
				CLANG_WARN_UNGUARDED_AVAILABILITY = YES_AGGRESSIVE;
				CLANG_WARN_UNREACHABLE_CODE = YES;
				CLANG_WARN__DUPLICATE_METHOD_MATCH = YES;
				COPY_PHASE_STRIP = NO;
				DEBUG_INFORMATION_FORMAT = dwarf;
				ENABLE_STRICT_OBJC_MSGSEND = YES;
				ENABLE_TESTABILITY = YES;
				GCC_C_LANGUAGE_STANDARD = gnu11;
				GCC_DYNAMIC_NO_PIC = NO;
				GCC_NO_COMMON_BLOCKS = YES;
				GCC_OPTIMIZATION_LEVEL = 0;
				GCC_PREPROCESSOR_DEFINITIONS = (
					"DEBUG=1",
					"$(inherited)",
				);
				GCC_WARN_64_TO_32_BIT_CONVERSION = YES;
				GCC_WARN_ABOUT_RETURN_TYPE = YES_ERROR;
				GCC_WARN_UNDECLARED_SELECTOR = YES;
				GCC_WARN_UNINITIALIZED_AUTOS = YES_AGGRESSIVE;
				GCC_WARN_UNUSED_FUNCTION = YES;
				GCC_WARN_UNUSED_VARIABLE = YES;
				MACOSX_DEPLOYMENT_TARGET = 10.15;
				MTL_ENABLE_DEBUG_INFO = INCLUDE_SOURCE;
				MTL_FAST_MATH = YES;
				ONLY_ACTIVE_ARCH = YES;
				SDKROOT = macosx;
				SWIFT_ACTIVE_COMPILATION_CONDITIONS = DEBUG;
				SWIFT_OPTIMIZATION_LEVEL = "-Onone";
			};
			name = Debug;
		};
		9199837425E0F032001FF06E /* Release */ = {
			isa = XCBuildConfiguration;
			buildSettings = {
				ALWAYS_SEARCH_USER_PATHS = NO;
				CLANG_ANALYZER_NONNULL = YES;
				CLANG_ANALYZER_NUMBER_OBJECT_CONVERSION = YES_AGGRESSIVE;
				CLANG_CXX_LANGUAGE_STANDARD = "gnu++14";
				CLANG_CXX_LIBRARY = "libc++";
				CLANG_ENABLE_MODULES = YES;
				CLANG_ENABLE_OBJC_ARC = YES;
				CLANG_ENABLE_OBJC_WEAK = YES;
				CLANG_WARN_BLOCK_CAPTURE_AUTORELEASING = YES;
				CLANG_WARN_BOOL_CONVERSION = YES;
				CLANG_WARN_COMMA = YES;
				CLANG_WARN_CONSTANT_CONVERSION = YES;
				CLANG_WARN_DEPRECATED_OBJC_IMPLEMENTATIONS = YES;
				CLANG_WARN_DIRECT_OBJC_ISA_USAGE = YES_ERROR;
				CLANG_WARN_DOCUMENTATION_COMMENTS = YES;
				CLANG_WARN_EMPTY_BODY = YES;
				CLANG_WARN_ENUM_CONVERSION = YES;
				CLANG_WARN_INFINITE_RECURSION = YES;
				CLANG_WARN_INT_CONVERSION = YES;
				CLANG_WARN_NON_LITERAL_NULL_CONVERSION = YES;
				CLANG_WARN_OBJC_IMPLICIT_RETAIN_SELF = YES;
				CLANG_WARN_OBJC_LITERAL_CONVERSION = YES;
				CLANG_WARN_OBJC_ROOT_CLASS = YES_ERROR;
				CLANG_WARN_QUOTED_INCLUDE_IN_FRAMEWORK_HEADER = YES;
				CLANG_WARN_RANGE_LOOP_ANALYSIS = YES;
				CLANG_WARN_STRICT_PROTOTYPES = YES;
				CLANG_WARN_SUSPICIOUS_MOVE = YES;
				CLANG_WARN_UNGUARDED_AVAILABILITY = YES_AGGRESSIVE;
				CLANG_WARN_UNREACHABLE_CODE = YES;
				CLANG_WARN__DUPLICATE_METHOD_MATCH = YES;
				COPY_PHASE_STRIP = NO;
				DEBUG_INFORMATION_FORMAT = "dwarf-with-dsym";
				ENABLE_NS_ASSERTIONS = NO;
				ENABLE_STRICT_OBJC_MSGSEND = YES;
				GCC_C_LANGUAGE_STANDARD = gnu11;
				GCC_NO_COMMON_BLOCKS = YES;
				GCC_WARN_64_TO_32_BIT_CONVERSION = YES;
				GCC_WARN_ABOUT_RETURN_TYPE = YES_ERROR;
				GCC_WARN_UNDECLARED_SELECTOR = YES;
				GCC_WARN_UNINITIALIZED_AUTOS = YES_AGGRESSIVE;
				GCC_WARN_UNUSED_FUNCTION = YES;
				GCC_WARN_UNUSED_VARIABLE = YES;
				MACOSX_DEPLOYMENT_TARGET = 10.15;
				MTL_ENABLE_DEBUG_INFO = NO;
				MTL_FAST_MATH = YES;
				SDKROOT = macosx;
				SWIFT_COMPILATION_MODE = wholemodule;
				SWIFT_OPTIMIZATION_LEVEL = "-O";
			};
			name = Release;
		};
		9199837625E0F032001FF06E /* Debug */ = {
			isa = XCBuildConfiguration;
			buildSettings = {
				CODE_SIGN_STYLE = Automatic;
				DEVELOPMENT_TEAM = 7JDTGRU72Z;
				ENABLE_HARDENED_RUNTIME = YES;
				PRODUCT_NAME = "$(TARGET_NAME)";
				SWIFT_VERSION = 5.0;
			};
			name = Debug;
		};
		9199837725E0F032001FF06E /* Release */ = {
			isa = XCBuildConfiguration;
			buildSettings = {
				CODE_SIGN_STYLE = Automatic;
				DEVELOPMENT_TEAM = 7JDTGRU72Z;
				ENABLE_HARDENED_RUNTIME = YES;
				PRODUCT_NAME = "$(TARGET_NAME)";
				SWIFT_VERSION = 5.0;
			};
			name = Release;
		};
/* End XCBuildConfiguration section */

/* Begin XCConfigurationList section */
		9199836925E0F032001FF06E /* Build configuration list for PBXProject "War of Units" */ = {
			isa = XCConfigurationList;
			buildConfigurations = (
				9199837325E0F032001FF06E /* Debug */,
				9199837425E0F032001FF06E /* Release */,
			);
			defaultConfigurationIsVisible = 0;
			defaultConfigurationName = Release;
		};
		9199837525E0F032001FF06E /* Build configuration list for PBXNativeTarget "War of Units" */ = {
			isa = XCConfigurationList;
			buildConfigurations = (
				9199837625E0F032001FF06E /* Debug */,
				9199837725E0F032001FF06E /* Release */,
			);
			defaultConfigurationIsVisible = 0;
			defaultConfigurationName = Release;
		};
/* End XCConfigurationList section */
	};
	rootObject = 9199836625E0F032001FF06E /* Project object */;
}
